{
    "name": "datapos-resources",
    "version": "0.1.383",
    "lockfileVersion": 2,
    "requires": true,
    "packages": {
        "": {
            "name": "datapos-resources",
            "version": "0.1.383",
            "devDependencies": {
                "@datapos/datapos-operations": "^0.1.300",
                "prettier": "^3.0.3"
            }
        },
        "node_modules/@datapos/datapos-operations": {
            "version": "0.1.300",
            "resolved": "https://registry.npmjs.org/@datapos/datapos-operations/-/datapos-operations-0.1.300.tgz",
            "integrity": "sha512-kKLqXmUGRqY/yFBf8EQP0GnAy6LhtfwVzoq99YqNiqv6x0E4uPKQ3bBHJAj980X/hYGq11TZEMUAK+RMNlEBug==",
            "dev": true,
            "dependencies": {
                "dotenv": "^16.3.1"
            }
        },
        "node_modules/dotenv": {
            "version": "16.3.1",
            "resolved": "https://registry.npmjs.org/dotenv/-/dotenv-16.3.1.tgz",
            "integrity": "sha512-IPzF4w4/Rd94bA9imS68tZBaYyBWSCE47V1RGuMrB94iyTOIEwRmVL2x/4An+6mETpLrKJ5hQkB8W4kFAadeIQ==",
            "dev": true,
            "engines": {
                "node": ">=12"
            },
            "funding": {
                "url": "https://github.com/motdotla/dotenv?sponsor=1"
            }
        },
        "node_modules/prettier": {
            "version": "3.0.3",
            "resolved": "https://registry.npmjs.org/prettier/-/prettier-3.0.3.tgz",
            "integrity": "sha512-L/4pUDMxcNa8R/EthV08Zt42WBO4h1rarVtK0K+QJG0X187OLo7l699jWw0GKuwzkPQ//jMFA/8Xm6Fh3J/DAg==",
            "dev": true,
            "bin": {
                "prettier": "bin/prettier.cjs"
            },
            "engines": {
                "node": ">=14"
            },
            "funding": {
                "url": "https://github.com/prettier/prettier?sponsor=1"
            }
        }
    },
    "dependencies": {
        "@datapos/datapos-operations": {
            "version": "0.1.300",
            "resolved": "https://registry.npmjs.org/@datapos/datapos-operations/-/datapos-operations-0.1.300.tgz",
            "integrity": "sha512-kKLqXmUGRqY/yFBf8EQP0GnAy6LhtfwVzoq99YqNiqv6x0E4uPKQ3bBHJAj980X/hYGq11TZEMUAK+RMNlEBug==",
            "dev": true,
            "requires": {
                "dotenv": "^16.3.1"
            }
        },
        "dotenv": {
            "version": "16.3.1",
            "resolved": "https://registry.npmjs.org/dotenv/-/dotenv-16.3.1.tgz",
            "integrity": "sha512-IPzF4w4/Rd94bA9imS68tZBaYyBWSCE47V1RGuMrB94iyTOIEwRmVL2x/4An+6mETpLrKJ5hQkB8W4kFAadeIQ==",
            "dev": true
        },
        "prettier": {
            "version": "3.0.3",
            "resolved": "https://registry.npmjs.org/prettier/-/prettier-3.0.3.tgz",
            "integrity": "sha512-L/4pUDMxcNa8R/EthV08Zt42WBO4h1rarVtK0K+QJG0X187OLo7l699jWw0GKuwzkPQ//jMFA/8Xm6Fh3J/DAg==",
            "dev": true
        }
    }
}
